
Microsoft Visual Studio Solution File, Format Version 12.00
# Visual Studio 15
VisualStudioVersion = 15.0.28307.572
MinimumVisualStudioVersion = 10.0.40219.1
Project("{FAE04EC0-301F-11D3-BF4B-00C04F79EFBC}") = "KopSoft", "KopSoft\KopSoft.csproj", "{FDCF1DEF-5444-4EE9-B6BC-0F5D40E4E8E6}"
EndProject
Project("{FAE04EC0-301F-11D3-BF4B-00C04F79EFBC}") = "GenCode", "GenCode\GenCode.csproj", "{B9D17301-8AA6-49F6-8D56-739D28B71523}"
EndProject
Global
	GlobalSection(SolutionConfigurationPlatforms) = preSolution
		Debug|Any CPU = Debug|Any CPU
		Release|Any CPU = Release|Any CPU
	EndGlobalSection
	GlobalSection(ProjectConfigurationPlatforms) = postSolution
		{FDCF1DEF-5444-4EE9-B6BC-0F5D40E4E8E6}.Debug|Any CPU.ActiveCfg = Debug|Any CPU
		{FDCF1DEF-5444-4EE9-B6BC-0F5D40E4E8E6}.Debug|Any CPU.Build.0 = Debug|Any CPU
		{FDCF1DEF-5444-4EE9-B6BC-0F5D40E4E8E6}.Release|Any CPU.ActiveCfg = Release|Any CPU
		{FDCF1DEF-5444-4EE9-B6BC-0F5D40E4E8E6}.Release|Any CPU.Build.0 = Release|Any CPU
		{B9D17301-8AA6-49F6-8D56-739D28B71523}.Debug|Any CPU.ActiveCfg = Debug|Any CPU
		{B9D17301-8AA6-49F6-8D56-739D28B71523}.Debug|Any CPU.Build.0 = Debug|Any CPU
		{B9D17301-8AA6-49F6-8D56-739D28B71523}.Release|Any CPU.ActiveCfg = Release|Any CPU
		{B9D17301-8AA6-49F6-8D56-739D28B71523}.Release|Any CPU.Build.0 = Release|Any CPU
	EndGlobalSection
	GlobalSection(SolutionProperties) = preSolution
		HideSolutionNode = FALSE
	EndGlobalSection
	GlobalSection(ExtensibilityGlobals) = postSolution
		SolutionGuid = {33C68B85-E965-419A-A691-2F23CCFE59C7}
	EndGlobalSection
EndGlobal
